
Microsoft Visual Studio Solution File, Format Version 12.00
# Visual Studio 15
VisualStudioVersion = 15.0.27705.2000
MinimumVisualStudioVersion = 10.0.40219.1
Project("{8BC9CEB8-8B4A-11D0-8D11-00A0C91BC942}") = "CG_LR12", "CG_LR12\CG_LR12.vcxproj", "{47DBFA72-0BFB-4A52-A8D4-9F6323E54F26}"
EndProject
Global
	GlobalSection(SolutionConfigurationPlatforms) = preSolution
		Debug|x64 = Debug|x64
		Debug|x86 = Debug|x86
		Release|x64 = Release|x64
		Release|x86 = Release|x86
	EndGlobalSection
	GlobalSection(ProjectConfigurationPlatforms) = postSolution
		{47DBFA72-0BFB-4A52-A8D4-9F6323E54F26}.Debug|x64.ActiveCfg = Debug|x64
		{47DBFA72-0BFB-4A52-A8D4-9F6323E54F26}.Debug|x64.Build.0 = Debug|x64
		{47DBFA72-0BFB-4A52-A8D4-9F6323E54F26}.Debug|x86.ActiveCfg = Debug|Win32
		{47DBFA72-0BFB-4A52-A8D4-9F6323E54F26}.Debug|x86.Build.0 = Debug|Win32
		{47DBFA72-0BFB-4A52-A8D4-9F6323E54F26}.Release|x64.ActiveCfg = Release|x64
		{47DBFA72-0BFB-4A52-A8D4-9F6323E54F26}.Release|x64.Build.0 = Release|x64
		{47DBFA72-0BFB-4A52-A8D4-9F6323E54F26}.Release|x86.ActiveCfg = Release|Win32
		{47DBFA72-0BFB-4A52-A8D4-9F6323E54F26}.Release|x86.Build.0 = Release|Win32
	EndGlobalSection
	GlobalSection(SolutionProperties) = preSolution
		HideSolutionNode = FALSE
	EndGlobalSection
	GlobalSection(ExtensibilityGlobals) = postSolution
		SolutionGuid = {3F55431C-8E12-4E41-98CB-9B480CB56E23}
	EndGlobalSection
EndGlobal
